
Microsoft Visual Studio Solution File, Format Version 12.00
# Visual Studio Version 16
VisualStudioVersion = 16.0.32126.315
MinimumVisualStudioVersion = 10.0.40219.1
Project("{FAE04EC0-301F-11D3-BF4B-00C04F79EFBC}") = "Albert Saves The Planets 2", "Albert Saves The Planets 2.csproj", "{331769D8-E04A-4458-A884-FE6B242049B4}"
EndProject
Global
	GlobalSection(SolutionConfigurationPlatforms) = preSolution
		Debug|Any CPU = Debug|Any CPU
		Release|Any CPU = Release|Any CPU
	EndGlobalSection
	GlobalSection(ProjectConfigurationPlatforms) = postSolution
		{331769D8-E04A-4458-A884-FE6B242049B4}.Debug|Any CPU.ActiveCfg = Debug|Any CPU
		{331769D8-E04A-4458-A884-FE6B242049B4}.Debug|Any CPU.Build.0 = Debug|Any CPU
		{331769D8-E04A-4458-A884-FE6B242049B4}.Release|Any CPU.ActiveCfg = Release|Any CPU
		{331769D8-E04A-4458-A884-FE6B242049B4}.Release|Any CPU.Build.0 = Release|Any CPU
	EndGlobalSection
	GlobalSection(SolutionProperties) = preSolution
		HideSolutionNode = FALSE
	EndGlobalSection
	GlobalSection(ExtensibilityGlobals) = postSolution
		SolutionGuid = {853326C6-0D87-4227-B916-90F04EA99EAC}
	EndGlobalSection
EndGlobal
